{
  "version": "2",
  "remote": {
    "https://deno.land/std@0.165.0/_util/asserts.ts": "d0844e9b62510f89ce1f9878b046f6a57bf88f208a10304aab50efcb48365272",
    "https://deno.land/std@0.165.0/bytes/bytes_list.ts": "aba5e2369e77d426b10af1de0dcc4531acecec27f9b9056f4f7bfbf8ac147ab4",
    "https://deno.land/std@0.165.0/bytes/equals.ts": "3c3558c3ae85526f84510aa2b48ab2ad7bdd899e2e0f5b7a8ffc85acb3a6043a",
    "https://deno.land/std@0.165.0/bytes/mod.ts": "b2e342fd3669176a27a4e15061e9d588b89c1aaf5008ab71766e23669565d179",
    "https://deno.land/std@0.165.0/io/buffer.ts": "245f1762a949082ddc0a6e9b15589d0be2d29c150266decd04320b8a8318f9f6",
    "https://deno.land/std@0.165.0/io/mod.ts": "6e781ebafd5cdccf9ab4afa1f499b08c513602d023cb08ceebc58758501f78bd",
    "https://deno.land/std@0.165.0/io/readers.ts": "45847ad404afd2f605eae1cff193f223462bc55eeb9ae313c2f3db28aada0fd6",
    "https://deno.land/std@0.165.0/io/types.d.ts": "107e1e64834c5ba917c783f446b407d33432c5d612c4b3430df64fc2b4ecf091",
    "https://deno.land/std@0.165.0/io/util.ts": "294d163962e3310bd9485d3315c183dc3d0da1e6ddf23495c682f8e17e0413a8",
    "https://deno.land/std@0.165.0/io/writers.ts": "2e1c63ffd0cfba411b1fd8374609abff9ea86187c9d4d885d42e6fc20325ef0e",
    "https://deno.land/std@0.178.0/streams/write_all.ts": "3b2e1ce44913f966348ce353d02fa5369e94115181037cd8b602510853ec3033",
    "https://deno.land/std@0.178.0/types.d.ts": "220ed56662a0bd393ba5d124aa6ae2ad36a00d2fcbc0e8666a65f4606aaa9784",
    "https://deno.land/x/amqp@v0.23.1/deps.ts": "da2078c3fe2d75ce4f63927063cb92b96bdab06b795cfa1f6eaa65d4bfab7d57",
    "https://deno.land/x/amqp@v0.23.1/mod.ts": "faff39741bf2cc9640917e04fcb8af605fde0ca1809b7e4f347739584b394fad",
    "https://deno.land/x/amqp@v0.23.1/src/amqp_channel.ts": "5130b512600d5facfce414d0fee80e00f66200130684c1ea2ef2311f6e8e6814",
    "https://deno.land/x/amqp@v0.23.1/src/amqp_codec.ts": "d72697b37a90a5f017560106a177d8e53bf60bfb774fc82877e99809c676d7df",
    "https://deno.land/x/amqp@v0.23.1/src/amqp_connect.ts": "f10970451edc878a36c61693273409162000d2d06d84c947c9d262dabf2f6924",
    "https://deno.land/x/amqp@v0.23.1/src/amqp_connect_options.ts": "9bc876cd538e14b9839451e62f7a0eff509ec7d6417c980acc5acf7af567e63f",
    "https://deno.land/x/amqp@v0.23.1/src/amqp_connection.ts": "af5a0583885cf22a6308df76830c6b17d2cba352c8a03672dc9fad56b799336c",
    "https://deno.land/x/amqp@v0.23.1/src/amqp_constants.ts": "2a1b2c95a27fac8d4179ac3418b6ed92d77e133d77b7733848f6b100a066d3ca",
    "https://deno.land/x/amqp@v0.23.1/src/amqp_frame.ts": "6d78c6e9d4542070b3a03b3510fc80cce414715c9fedbdfc6525be365454cb59",
    "https://deno.land/x/amqp@v0.23.1/src/amqp_frame_reader.ts": "89e0fc54cef94fd35aa6bc39d638cf21a663c0a959afde8a2bd362dbbfcd209c",
    "https://deno.land/x/amqp@v0.23.1/src/amqp_multiplexer.ts": "26fc8989299b44da9012fb4ac769ae9f88ba692bca7d9a0dff3d075641ca65d8",
    "https://deno.land/x/amqp@v0.23.1/src/amqp_socket.ts": "e4f1a54d13f0252097b3075dc6cf2de1efe303fdabbdfdeea9ecec7994beccc1",
    "https://deno.land/x/amqp@v0.23.1/src/amqp_types.ts": "75a2c041b195e53d4dd87ac4abd7acee0e32e781517cefa2909c96b44cdb94b3",
    "https://deno.land/x/amqp@v0.23.1/src/encoding/amqp_decoder.ts": "1deff5e3394f24e34a261f0c7355fb390238c182aec433aeac3d7b22e5c66730",
    "https://deno.land/x/amqp@v0.23.1/src/encoding/amqp_encoder.ts": "0d9c62652229ec3675b440492046bacfdaf81c60a853667626d0eb9e2320d574",
    "https://deno.land/x/amqp@v0.23.1/src/encoding/amqp_field_types.ts": "fb02a61b2aec30390b5e35d3414ce734d26e1b53dd8ffc48280060c6673f5263",
    "https://deno.land/x/amqp@v0.23.1/src/encoding/mod.ts": "1951e9db3dace0027e98c42098c6021ec3b6bfad43bf869060840cd020c5f36a",
    "https://deno.land/x/amqp@v0.23.1/src/encoding/utils.ts": "01f6c0c1fdcd1f9d14fc38f69f00e362661b56ffec984f49b4c401bd0a1cc6cf",
    "https://deno.land/x/amqp@v0.23.1/src/error_handling.ts": "7566ca255ce33aae0ababfeb47b528baca534025361aa473c9fee6ca7454e8c6",
    "https://deno.land/x/amqp@v0.23.1/src/frame_error.ts": "a6d792175f20a78949980c94df7a7561fa951088712617d9a311cd373676f47c",
    "https://deno.land/x/amqp@v0.23.1/src/resolvable.ts": "9c5e0ee3368178f3ea307cfd769a04162934aafdbbf0e0b5b90bff191d11186b"
  }
}
